
Microsoft Visual Studio Solution File, Format Version 12.00
# Visual Studio Version 16
VisualStudioVersion = 16.0.31702.278
MinimumVisualStudioVersion = 10.0.40219.1
Project("{FAE04EC0-301F-11D3-BF4B-00C04F79EFBC}") = "BlackjackHandTest", "BlackjackHandTest\BlackjackHandTest.csproj", "{B718438C-8000-46AA-BF2C-F18E3AEEDFCE}"
EndProject
Global
	GlobalSection(SolutionConfigurationPlatforms) = preSolution
		Debug|Any CPU = Debug|Any CPU
		Release|Any CPU = Release|Any CPU
	EndGlobalSection
	GlobalSection(ProjectConfigurationPlatforms) = postSolution
		{B718438C-8000-46AA-BF2C-F18E3AEEDFCE}.Debug|Any CPU.ActiveCfg = Debug|Any CPU
		{B718438C-8000-46AA-BF2C-F18E3AEEDFCE}.Debug|Any CPU.Build.0 = Debug|Any CPU
		{B718438C-8000-46AA-BF2C-F18E3AEEDFCE}.Release|Any CPU.ActiveCfg = Release|Any CPU
		{B718438C-8000-46AA-BF2C-F18E3AEEDFCE}.Release|Any CPU.Build.0 = Release|Any CPU
	EndGlobalSection
	GlobalSection(SolutionProperties) = preSolution
		HideSolutionNode = FALSE
	EndGlobalSection
	GlobalSection(ExtensibilityGlobals) = postSolution
		SolutionGuid = {4BEB474E-2414-4803-A9A2-3FBB8E34B86C}
	EndGlobalSection
EndGlobal
